
Microsoft Visual Studio Solution File, Format Version 12.00
# Visual Studio Version 16
VisualStudioVersion = 16.0.30907.101
MinimumVisualStudioVersion = 10.0.40219.1
Project("{9A19103F-16F7-4668-BE54-9A1E7A4F7556}") = "EnVrac", "EnVrac\EnVrac.csproj", "{5963CB12-B072-4C2D-802F-1CF3BF966CE2}"
EndProject
Project("{FAE04EC0-301F-11D3-BF4B-00C04F79EFBC}") = "EnVracWPF", "EnVracWPF\EnVracWPF.csproj", "{D86647CC-131C-46E9-897B-D728504C4460}"
EndProject
Project("{FAE04EC0-301F-11D3-BF4B-00C04F79EFBC}") = "WpfENVRAC", "WpfENVRAC\WpfENVRAC.csproj", "{8624D5FD-A312-4CA7-B83D-77249875C691}"
EndProject
Global
	GlobalSection(SolutionConfigurationPlatforms) = preSolution
		Debug|Any CPU = Debug|Any CPU
		Release|Any CPU = Release|Any CPU
	EndGlobalSection
	GlobalSection(ProjectConfigurationPlatforms) = postSolution
		{5963CB12-B072-4C2D-802F-1CF3BF966CE2}.Debug|Any CPU.ActiveCfg = Debug|Any CPU
		{5963CB12-B072-4C2D-802F-1CF3BF966CE2}.Debug|Any CPU.Build.0 = Debug|Any CPU
		{5963CB12-B072-4C2D-802F-1CF3BF966CE2}.Release|Any CPU.ActiveCfg = Release|Any CPU
		{5963CB12-B072-4C2D-802F-1CF3BF966CE2}.Release|Any CPU.Build.0 = Release|Any CPU
		{D86647CC-131C-46E9-897B-D728504C4460}.Debug|Any CPU.ActiveCfg = Debug|Any CPU
		{D86647CC-131C-46E9-897B-D728504C4460}.Debug|Any CPU.Build.0 = Debug|Any CPU
		{D86647CC-131C-46E9-897B-D728504C4460}.Release|Any CPU.ActiveCfg = Release|Any CPU
		{D86647CC-131C-46E9-897B-D728504C4460}.Release|Any CPU.Build.0 = Release|Any CPU
		{8624D5FD-A312-4CA7-B83D-77249875C691}.Debug|Any CPU.ActiveCfg = Debug|Any CPU
		{8624D5FD-A312-4CA7-B83D-77249875C691}.Debug|Any CPU.Build.0 = Debug|Any CPU
		{8624D5FD-A312-4CA7-B83D-77249875C691}.Release|Any CPU.ActiveCfg = Release|Any CPU
		{8624D5FD-A312-4CA7-B83D-77249875C691}.Release|Any CPU.Build.0 = Release|Any CPU
	EndGlobalSection
	GlobalSection(SolutionProperties) = preSolution
		HideSolutionNode = FALSE
	EndGlobalSection
	GlobalSection(ExtensibilityGlobals) = postSolution
		SolutionGuid = {253D76C1-559F-4E91-AB26-34576C33715B}
	EndGlobalSection
EndGlobal
